
Microsoft Visual Studio Solution File, Format Version 12.00
# Visual Studio 15
VisualStudioVersion = 15.0.26730.16
MinimumVisualStudioVersion = 10.0.40219.1
Project("{FAE04EC0-301F-11D3-BF4B-00C04F79EFBC}") = "AzureStorageTwitch", "AzureStorageTwitch\AzureStorageTwitch.csproj", "{AA100D6F-4633-4C7D-A5AB-AB2FD74DE85A}"
EndProject
Global
	GlobalSection(SolutionConfigurationPlatforms) = preSolution
		Debug|Any CPU = Debug|Any CPU
		Release|Any CPU = Release|Any CPU
	EndGlobalSection
	GlobalSection(ProjectConfigurationPlatforms) = postSolution
		{AA100D6F-4633-4C7D-A5AB-AB2FD74DE85A}.Debug|Any CPU.ActiveCfg = Debug|Any CPU
		{AA100D6F-4633-4C7D-A5AB-AB2FD74DE85A}.Debug|Any CPU.Build.0 = Debug|Any CPU
		{AA100D6F-4633-4C7D-A5AB-AB2FD74DE85A}.Release|Any CPU.ActiveCfg = Release|Any CPU
		{AA100D6F-4633-4C7D-A5AB-AB2FD74DE85A}.Release|Any CPU.Build.0 = Release|Any CPU
	EndGlobalSection
	GlobalSection(SolutionProperties) = preSolution
		HideSolutionNode = FALSE
	EndGlobalSection
	GlobalSection(ExtensibilityGlobals) = postSolution
		SolutionGuid = {DB23E5A1-F900-4B40-BBB3-E2795B0B7456}
	EndGlobalSection
EndGlobal
